
Microsoft Visual Studio Solution File, Format Version 12.00
# Visual Studio Version 17
VisualStudioVersion = 17.8.34322.80
MinimumVisualStudioVersion = 15.0.26124.0
Project("{2150E333-8FDC-42A3-9474-1A3956D46DE8}") = "src", "src", "{7350B6F5-5B4A-442F-9736-B7B2AEC062E2}"
EndProject
Project("{2150E333-8FDC-42A3-9474-1A3956D46DE8}") = "test", "test", "{7934C565-1182-447A-A040-958C3E9A9CD9}"
EndProject
Project("{FAE04EC0-301F-11D3-BF4B-00C04F79EFBC}") = "FkThat.Abstractions.Clocks", "src\FkThat.Abstractions.Clocks\FkThat.Abstractions.Clocks.csproj", "{897477E9-D63E-4DBC-A797-59EAA93742F8}"
EndProject
Project("{FAE04EC0-301F-11D3-BF4B-00C04F79EFBC}") = "FkThat.Abstractions.Clocks.Tests", "test\FkThat.Abstractions.Clocks.Tests\FkThat.Abstractions.Clocks.Tests.csproj", "{5E23A800-EA63-40BE-AF94-E63CE03726D2}"
EndProject
Project("{FAE04EC0-301F-11D3-BF4B-00C04F79EFBC}") = "FkThat.Abstractions.Randoms", "src\FkThat.Abstractions.Randoms\FkThat.Abstractions.Randoms.csproj", "{063FCCEC-52D7-4137-ABA2-606B6F27CBD5}"
EndProject
Project("{FAE04EC0-301F-11D3-BF4B-00C04F79EFBC}") = "FkThat.Abstractions.Randoms.Tests", "test\FkThat.Abstractions.Randoms.Tests\FkThat.Abstractions.Randoms.Tests.csproj", "{C959E592-0863-46A8-A21E-1C00C92F942D}"
EndProject
Project("{FAE04EC0-301F-11D3-BF4B-00C04F79EFBC}") = "FkThat.Abstractions.Guids", "src\FkThat.Abstractions.Guids\FkThat.Abstractions.Guids.csproj", "{90D561CE-ADD7-4995-9573-B030A620C2E8}"
EndProject
Project("{FAE04EC0-301F-11D3-BF4B-00C04F79EFBC}") = "FkThat.Abstractions.Guids.Tests", "test\FkThat.Abstractions.Guids.Tests\FkThat.Abstractions.Guids.Tests.csproj", "{8CEC7ADE-E7E9-4A00-A942-0931D2D0D9A7}"
EndProject
Project("{FAE04EC0-301F-11D3-BF4B-00C04F79EFBC}") = "FkThat.Abstractions.Console", "src\FkThat.Abstractions.Console\FkThat.Abstractions.Console.csproj", "{96A78E6E-2D16-4ECF-8321-C4DB90A8444F}"
EndProject
Project("{FAE04EC0-301F-11D3-BF4B-00C04F79EFBC}") = "FkThat.Abstractions.Console.Tests", "test\FkThat.Abstractions.Console.Tests\FkThat.Abstractions.Console.Tests.csproj", "{1F8C6E53-5F86-48A0-B7A4-5DCBC4F1C1F0}"
EndProject
Global
	GlobalSection(SolutionConfigurationPlatforms) = preSolution
		Debug|Any CPU = Debug|Any CPU
		Debug|x64 = Debug|x64
		Debug|x86 = Debug|x86
		Release|Any CPU = Release|Any CPU
		Release|x64 = Release|x64
		Release|x86 = Release|x86
	EndGlobalSection
	GlobalSection(ProjectConfigurationPlatforms) = postSolution
		{897477E9-D63E-4DBC-A797-59EAA93742F8}.Debug|Any CPU.ActiveCfg = Debug|Any CPU
		{897477E9-D63E-4DBC-A797-59EAA93742F8}.Debug|Any CPU.Build.0 = Debug|Any CPU
		{897477E9-D63E-4DBC-A797-59EAA93742F8}.Debug|x64.ActiveCfg = Debug|Any CPU
		{897477E9-D63E-4DBC-A797-59EAA93742F8}.Debug|x64.Build.0 = Debug|Any CPU
		{897477E9-D63E-4DBC-A797-59EAA93742F8}.Debug|x86.ActiveCfg = Debug|Any CPU
		{897477E9-D63E-4DBC-A797-59EAA93742F8}.Debug|x86.Build.0 = Debug|Any CPU
		{897477E9-D63E-4DBC-A797-59EAA93742F8}.Release|Any CPU.ActiveCfg = Release|Any CPU
		{897477E9-D63E-4DBC-A797-59EAA93742F8}.Release|Any CPU.Build.0 = Release|Any CPU
		{897477E9-D63E-4DBC-A797-59EAA93742F8}.Release|x64.ActiveCfg = Release|Any CPU
		{897477E9-D63E-4DBC-A797-59EAA93742F8}.Release|x64.Build.0 = Release|Any CPU
		{897477E9-D63E-4DBC-A797-59EAA93742F8}.Release|x86.ActiveCfg = Release|Any CPU
		{897477E9-D63E-4DBC-A797-59EAA93742F8}.Release|x86.Build.0 = Release|Any CPU
		{5E23A800-EA63-40BE-AF94-E63CE03726D2}.Debug|Any CPU.ActiveCfg = Debug|Any CPU
		{5E23A800-EA63-40BE-AF94-E63CE03726D2}.Debug|Any CPU.Build.0 = Debug|Any CPU
		{5E23A800-EA63-40BE-AF94-E63CE03726D2}.Debug|x64.ActiveCfg = Debug|Any CPU
		{5E23A800-EA63-40BE-AF94-E63CE03726D2}.Debug|x64.Build.0 = Debug|Any CPU
		{5E23A800-EA63-40BE-AF94-E63CE03726D2}.Debug|x86.ActiveCfg = Debug|Any CPU
		{5E23A800-EA63-40BE-AF94-E63CE03726D2}.Debug|x86.Build.0 = Debug|Any CPU
		{5E23A800-EA63-40BE-AF94-E63CE03726D2}.Release|Any CPU.ActiveCfg = Release|Any CPU
		{5E23A800-EA63-40BE-AF94-E63CE03726D2}.Release|Any CPU.Build.0 = Release|Any CPU
		{5E23A800-EA63-40BE-AF94-E63CE03726D2}.Release|x64.ActiveCfg = Release|Any CPU
		{5E23A800-EA63-40BE-AF94-E63CE03726D2}.Release|x64.Build.0 = Release|Any CPU
		{5E23A800-EA63-40BE-AF94-E63CE03726D2}.Release|x86.ActiveCfg = Release|Any CPU
		{5E23A800-EA63-40BE-AF94-E63CE03726D2}.Release|x86.Build.0 = Release|Any CPU
		{063FCCEC-52D7-4137-ABA2-606B6F27CBD5}.Debug|Any CPU.ActiveCfg = Debug|Any CPU
		{063FCCEC-52D7-4137-ABA2-606B6F27CBD5}.Debug|Any CPU.Build.0 = Debug|Any CPU
		{063FCCEC-52D7-4137-ABA2-606B6F27CBD5}.Debug|x64.ActiveCfg = Debug|Any CPU
		{063FCCEC-52D7-4137-ABA2-606B6F27CBD5}.Debug|x64.Build.0 = Debug|Any CPU
		{063FCCEC-52D7-4137-ABA2-606B6F27CBD5}.Debug|x86.ActiveCfg = Debug|Any CPU
		{063FCCEC-52D7-4137-ABA2-606B6F27CBD5}.Debug|x86.Build.0 = Debug|Any CPU
		{063FCCEC-52D7-4137-ABA2-606B6F27CBD5}.Release|Any CPU.ActiveCfg = Release|Any CPU
		{063FCCEC-52D7-4137-ABA2-606B6F27CBD5}.Release|Any CPU.Build.0 = Release|Any CPU
		{063FCCEC-52D7-4137-ABA2-606B6F27CBD5}.Release|x64.ActiveCfg = Release|Any CPU
		{063FCCEC-52D7-4137-ABA2-606B6F27CBD5}.Release|x64.Build.0 = Release|Any CPU
		{063FCCEC-52D7-4137-ABA2-606B6F27CBD5}.Release|x86.ActiveCfg = Release|Any CPU
		{063FCCEC-52D7-4137-ABA2-606B6F27CBD5}.Release|x86.Build.0 = Release|Any CPU
		{C959E592-0863-46A8-A21E-1C00C92F942D}.Debug|Any CPU.ActiveCfg = Debug|Any CPU
		{C959E592-0863-46A8-A21E-1C00C92F942D}.Debug|Any CPU.Build.0 = Debug|Any CPU
		{C959E592-0863-46A8-A21E-1C00C92F942D}.Debug|x64.ActiveCfg = Debug|Any CPU
		{C959E592-0863-46A8-A21E-1C00C92F942D}.Debug|x64.Build.0 = Debug|Any CPU
		{C959E592-0863-46A8-A21E-1C00C92F942D}.Debug|x86.ActiveCfg = Debug|Any CPU
		{C959E592-0863-46A8-A21E-1C00C92F942D}.Debug|x86.Build.0 = Debug|Any CPU
		{C959E592-0863-46A8-A21E-1C00C92F942D}.Release|Any CPU.ActiveCfg = Release|Any CPU
		{C959E592-0863-46A8-A21E-1C00C92F942D}.Release|Any CPU.Build.0 = Release|Any CPU
		{C959E592-0863-46A8-A21E-1C00C92F942D}.Release|x64.ActiveCfg = Release|Any CPU
		{C959E592-0863-46A8-A21E-1C00C92F942D}.Release|x64.Build.0 = Release|Any CPU
		{C959E592-0863-46A8-A21E-1C00C92F942D}.Release|x86.ActiveCfg = Release|Any CPU
		{C959E592-0863-46A8-A21E-1C00C92F942D}.Release|x86.Build.0 = Release|Any CPU
		{90D561CE-ADD7-4995-9573-B030A620C2E8}.Debug|Any CPU.ActiveCfg = Debug|Any CPU
		{90D561CE-ADD7-4995-9573-B030A620C2E8}.Debug|Any CPU.Build.0 = Debug|Any CPU
		{90D561CE-ADD7-4995-9573-B030A620C2E8}.Debug|x64.ActiveCfg = Debug|Any CPU
		{90D561CE-ADD7-4995-9573-B030A620C2E8}.Debug|x64.Build.0 = Debug|Any CPU
		{90D561CE-ADD7-4995-9573-B030A620C2E8}.Debug|x86.ActiveCfg = Debug|Any CPU
		{90D561CE-ADD7-4995-9573-B030A620C2E8}.Debug|x86.Build.0 = Debug|Any CPU
		{90D561CE-ADD7-4995-9573-B030A620C2E8}.Release|Any CPU.ActiveCfg = Release|Any CPU
		{90D561CE-ADD7-4995-9573-B030A620C2E8}.Release|Any CPU.Build.0 = Release|Any CPU
		{90D561CE-ADD7-4995-9573-B030A620C2E8}.Release|x64.ActiveCfg = Release|Any CPU
		{90D561CE-ADD7-4995-9573-B030A620C2E8}.Release|x64.Build.0 = Release|Any CPU
		{90D561CE-ADD7-4995-9573-B030A620C2E8}.Release|x86.ActiveCfg = Release|Any CPU
		{90D561CE-ADD7-4995-9573-B030A620C2E8}.Release|x86.Build.0 = Release|Any CPU
		{8CEC7ADE-E7E9-4A00-A942-0931D2D0D9A7}.Debug|Any CPU.ActiveCfg = Debug|Any CPU
		{8CEC7ADE-E7E9-4A00-A942-0931D2D0D9A7}.Debug|Any CPU.Build.0 = Debug|Any CPU
		{8CEC7ADE-E7E9-4A00-A942-0931D2D0D9A7}.Debug|x64.ActiveCfg = Debug|Any CPU
		{8CEC7ADE-E7E9-4A00-A942-0931D2D0D9A7}.Debug|x64.Build.0 = Debug|Any CPU
		{8CEC7ADE-E7E9-4A00-A942-0931D2D0D9A7}.Debug|x86.ActiveCfg = Debug|Any CPU
		{8CEC7ADE-E7E9-4A00-A942-0931D2D0D9A7}.Debug|x86.Build.0 = Debug|Any CPU
		{8CEC7ADE-E7E9-4A00-A942-0931D2D0D9A7}.Release|Any CPU.ActiveCfg = Release|Any CPU
		{8CEC7ADE-E7E9-4A00-A942-0931D2D0D9A7}.Release|Any CPU.Build.0 = Release|Any CPU
		{8CEC7ADE-E7E9-4A00-A942-0931D2D0D9A7}.Release|x64.ActiveCfg = Release|Any CPU
		{8CEC7ADE-E7E9-4A00-A942-0931D2D0D9A7}.Release|x64.Build.0 = Release|Any CPU
		{8CEC7ADE-E7E9-4A00-A942-0931D2D0D9A7}.Release|x86.ActiveCfg = Release|Any CPU
		{8CEC7ADE-E7E9-4A00-A942-0931D2D0D9A7}.Release|x86.Build.0 = Release|Any CPU
		{96A78E6E-2D16-4ECF-8321-C4DB90A8444F}.Debug|Any CPU.ActiveCfg = Debug|Any CPU
		{96A78E6E-2D16-4ECF-8321-C4DB90A8444F}.Debug|Any CPU.Build.0 = Debug|Any CPU
		{96A78E6E-2D16-4ECF-8321-C4DB90A8444F}.Debug|x64.ActiveCfg = Debug|Any CPU
		{96A78E6E-2D16-4ECF-8321-C4DB90A8444F}.Debug|x64.Build.0 = Debug|Any CPU
		{96A78E6E-2D16-4ECF-8321-C4DB90A8444F}.Debug|x86.ActiveCfg = Debug|Any CPU
		{96A78E6E-2D16-4ECF-8321-C4DB90A8444F}.Debug|x86.Build.0 = Debug|Any CPU
		{96A78E6E-2D16-4ECF-8321-C4DB90A8444F}.Release|Any CPU.ActiveCfg = Release|Any CPU
		{96A78E6E-2D16-4ECF-8321-C4DB90A8444F}.Release|Any CPU.Build.0 = Release|Any CPU
		{96A78E6E-2D16-4ECF-8321-C4DB90A8444F}.Release|x64.ActiveCfg = Release|Any CPU
		{96A78E6E-2D16-4ECF-8321-C4DB90A8444F}.Release|x64.Build.0 = Release|Any CPU
		{96A78E6E-2D16-4ECF-8321-C4DB90A8444F}.Release|x86.ActiveCfg = Release|Any CPU
		{96A78E6E-2D16-4ECF-8321-C4DB90A8444F}.Release|x86.Build.0 = Release|Any CPU
		{1F8C6E53-5F86-48A0-B7A4-5DCBC4F1C1F0}.Debug|Any CPU.ActiveCfg = Debug|Any CPU
		{1F8C6E53-5F86-48A0-B7A4-5DCBC4F1C1F0}.Debug|Any CPU.Build.0 = Debug|Any CPU
		{1F8C6E53-5F86-48A0-B7A4-5DCBC4F1C1F0}.Debug|x64.ActiveCfg = Debug|Any CPU
		{1F8C6E53-5F86-48A0-B7A4-5DCBC4F1C1F0}.Debug|x64.Build.0 = Debug|Any CPU
		{1F8C6E53-5F86-48A0-B7A4-5DCBC4F1C1F0}.Debug|x86.ActiveCfg = Debug|Any CPU
		{1F8C6E53-5F86-48A0-B7A4-5DCBC4F1C1F0}.Debug|x86.Build.0 = Debug|Any CPU
		{1F8C6E53-5F86-48A0-B7A4-5DCBC4F1C1F0}.Release|Any CPU.ActiveCfg = Release|Any CPU
		{1F8C6E53-5F86-48A0-B7A4-5DCBC4F1C1F0}.Release|Any CPU.Build.0 = Release|Any CPU
		{1F8C6E53-5F86-48A0-B7A4-5DCBC4F1C1F0}.Release|x64.ActiveCfg = Release|Any CPU
		{1F8C6E53-5F86-48A0-B7A4-5DCBC4F1C1F0}.Release|x64.Build.0 = Release|Any CPU
		{1F8C6E53-5F86-48A0-B7A4-5DCBC4F1C1F0}.Release|x86.ActiveCfg = Release|Any CPU
		{1F8C6E53-5F86-48A0-B7A4-5DCBC4F1C1F0}.Release|x86.Build.0 = Release|Any CPU
	EndGlobalSection
	GlobalSection(SolutionProperties) = preSolution
		HideSolutionNode = FALSE
	EndGlobalSection
	GlobalSection(NestedProjects) = preSolution
		{897477E9-D63E-4DBC-A797-59EAA93742F8} = {7350B6F5-5B4A-442F-9736-B7B2AEC062E2}
		{5E23A800-EA63-40BE-AF94-E63CE03726D2} = {7934C565-1182-447A-A040-958C3E9A9CD9}
		{063FCCEC-52D7-4137-ABA2-606B6F27CBD5} = {7350B6F5-5B4A-442F-9736-B7B2AEC062E2}
		{C959E592-0863-46A8-A21E-1C00C92F942D} = {7934C565-1182-447A-A040-958C3E9A9CD9}
		{90D561CE-ADD7-4995-9573-B030A620C2E8} = {7350B6F5-5B4A-442F-9736-B7B2AEC062E2}
		{8CEC7ADE-E7E9-4A00-A942-0931D2D0D9A7} = {7934C565-1182-447A-A040-958C3E9A9CD9}
		{96A78E6E-2D16-4ECF-8321-C4DB90A8444F} = {7350B6F5-5B4A-442F-9736-B7B2AEC062E2}
		{1F8C6E53-5F86-48A0-B7A4-5DCBC4F1C1F0} = {7934C565-1182-447A-A040-958C3E9A9CD9}
	EndGlobalSection
EndGlobal
